
Microsoft Visual Studio Solution File, Format Version 12.00
# Visual Studio 2012
Project("{FAE04EC0-301F-11D3-BF4B-00C04F79EFBC}") = "BussinessEntity", "BussinnesEntity\BussinessEntity.csproj", "{AF25CF7D-F0EB-4EAD-A1B0-BBD8D5E65BCC}"
EndProject
Project("{FAE04EC0-301F-11D3-BF4B-00C04F79EFBC}") = "BL", "BL\BL.csproj", "{4AACDE86-0DD0-4BD4-A593-A1A6201133C9}"
EndProject
Project("{FAE04EC0-301F-11D3-BF4B-00C04F79EFBC}") = "DAL", "DAL\DAL.csproj", "{17870E1C-FD62-4CDC-A0B8-C444E349B7B6}"
EndProject
Project("{FAE04EC0-301F-11D3-BF4B-00C04F79EFBC}") = "ProjectContext", "ProjectContext\ProjectContext.csproj", "{8C2A2CC7-D0E0-4DBB-99A0-A7B3D370A999}"
EndProject
Project("{FAE04EC0-301F-11D3-BF4B-00C04F79EFBC}") = "Wpf", "Wpf\Wpf.csproj", "{D4207CF7-1685-4708-B8D2-EC8F804E26C1}"
EndProject
Project("{FAE04EC0-301F-11D3-BF4B-00C04F79EFBC}") = "UI.FliperView", "Bornander.UI\UI.FliperView.csproj", "{343CFDA3-DC75-4331-BC4C-3AA1A06DB495}"
EndProject
Project("{FAE04EC0-301F-11D3-BF4B-00C04F79EFBC}") = "Test", "Test\Test.csproj", "{3F550EA9-7230-41BF-836E-D37F694BCB0B}"
EndProject
Project("{FAE04EC0-301F-11D3-BF4B-00C04F79EFBC}") = "Carousel", "Carousel\Carousel.csproj", "{C47CFE7B-7E54-487E-A5C0-EBAFB4A9FB89}"
EndProject
Global
	GlobalSection(SolutionConfigurationPlatforms) = preSolution
		Debug|Any CPU = Debug|Any CPU
		Debug|Mixed Platforms = Debug|Mixed Platforms
		Debug|x86 = Debug|x86
		Release|Any CPU = Release|Any CPU
		Release|Mixed Platforms = Release|Mixed Platforms
		Release|x86 = Release|x86
	EndGlobalSection
	GlobalSection(ProjectConfigurationPlatforms) = postSolution
		{AF25CF7D-F0EB-4EAD-A1B0-BBD8D5E65BCC}.Debug|Any CPU.ActiveCfg = Debug|Any CPU
		{AF25CF7D-F0EB-4EAD-A1B0-BBD8D5E65BCC}.Debug|Any CPU.Build.0 = Debug|Any CPU
		{AF25CF7D-F0EB-4EAD-A1B0-BBD8D5E65BCC}.Debug|Mixed Platforms.ActiveCfg = Debug|Any CPU
		{AF25CF7D-F0EB-4EAD-A1B0-BBD8D5E65BCC}.Debug|Mixed Platforms.Build.0 = Debug|Any CPU
		{AF25CF7D-F0EB-4EAD-A1B0-BBD8D5E65BCC}.Debug|x86.ActiveCfg = Debug|Any CPU
		{AF25CF7D-F0EB-4EAD-A1B0-BBD8D5E65BCC}.Release|Any CPU.ActiveCfg = Release|Any CPU
		{AF25CF7D-F0EB-4EAD-A1B0-BBD8D5E65BCC}.Release|Any CPU.Build.0 = Release|Any CPU
		{AF25CF7D-F0EB-4EAD-A1B0-BBD8D5E65BCC}.Release|Mixed Platforms.ActiveCfg = Release|Any CPU
		{AF25CF7D-F0EB-4EAD-A1B0-BBD8D5E65BCC}.Release|Mixed Platforms.Build.0 = Release|Any CPU
		{AF25CF7D-F0EB-4EAD-A1B0-BBD8D5E65BCC}.Release|x86.ActiveCfg = Release|Any CPU
		{4AACDE86-0DD0-4BD4-A593-A1A6201133C9}.Debug|Any CPU.ActiveCfg = Debug|Any CPU
		{4AACDE86-0DD0-4BD4-A593-A1A6201133C9}.Debug|Any CPU.Build.0 = Debug|Any CPU
		{4AACDE86-0DD0-4BD4-A593-A1A6201133C9}.Debug|Mixed Platforms.ActiveCfg = Debug|Any CPU
		{4AACDE86-0DD0-4BD4-A593-A1A6201133C9}.Debug|Mixed Platforms.Build.0 = Debug|Any CPU
		{4AACDE86-0DD0-4BD4-A593-A1A6201133C9}.Debug|x86.ActiveCfg = Debug|Any CPU
		{4AACDE86-0DD0-4BD4-A593-A1A6201133C9}.Release|Any CPU.ActiveCfg = Release|Any CPU
		{4AACDE86-0DD0-4BD4-A593-A1A6201133C9}.Release|Any CPU.Build.0 = Release|Any CPU
		{4AACDE86-0DD0-4BD4-A593-A1A6201133C9}.Release|Mixed Platforms.ActiveCfg = Release|Any CPU
		{4AACDE86-0DD0-4BD4-A593-A1A6201133C9}.Release|Mixed Platforms.Build.0 = Release|Any CPU
		{4AACDE86-0DD0-4BD4-A593-A1A6201133C9}.Release|x86.ActiveCfg = Release|Any CPU
		{17870E1C-FD62-4CDC-A0B8-C444E349B7B6}.Debug|Any CPU.ActiveCfg = Debug|Any CPU
		{17870E1C-FD62-4CDC-A0B8-C444E349B7B6}.Debug|Any CPU.Build.0 = Debug|Any CPU
		{17870E1C-FD62-4CDC-A0B8-C444E349B7B6}.Debug|Mixed Platforms.ActiveCfg = Debug|Any CPU
		{17870E1C-FD62-4CDC-A0B8-C444E349B7B6}.Debug|Mixed Platforms.Build.0 = Debug|Any CPU
		{17870E1C-FD62-4CDC-A0B8-C444E349B7B6}.Debug|x86.ActiveCfg = Debug|Any CPU
		{17870E1C-FD62-4CDC-A0B8-C444E349B7B6}.Release|Any CPU.ActiveCfg = Release|Any CPU
		{17870E1C-FD62-4CDC-A0B8-C444E349B7B6}.Release|Any CPU.Build.0 = Release|Any CPU
		{17870E1C-FD62-4CDC-A0B8-C444E349B7B6}.Release|Mixed Platforms.ActiveCfg = Release|Any CPU
		{17870E1C-FD62-4CDC-A0B8-C444E349B7B6}.Release|Mixed Platforms.Build.0 = Release|Any CPU
		{17870E1C-FD62-4CDC-A0B8-C444E349B7B6}.Release|x86.ActiveCfg = Release|Any CPU
		{8C2A2CC7-D0E0-4DBB-99A0-A7B3D370A999}.Debug|Any CPU.ActiveCfg = Debug|Any CPU
		{8C2A2CC7-D0E0-4DBB-99A0-A7B3D370A999}.Debug|Any CPU.Build.0 = Debug|Any CPU
		{8C2A2CC7-D0E0-4DBB-99A0-A7B3D370A999}.Debug|Mixed Platforms.ActiveCfg = Debug|Any CPU
		{8C2A2CC7-D0E0-4DBB-99A0-A7B3D370A999}.Debug|Mixed Platforms.Build.0 = Debug|Any CPU
		{8C2A2CC7-D0E0-4DBB-99A0-A7B3D370A999}.Debug|x86.ActiveCfg = Debug|Any CPU
		{8C2A2CC7-D0E0-4DBB-99A0-A7B3D370A999}.Release|Any CPU.ActiveCfg = Release|Any CPU
		{8C2A2CC7-D0E0-4DBB-99A0-A7B3D370A999}.Release|Any CPU.Build.0 = Release|Any CPU
		{8C2A2CC7-D0E0-4DBB-99A0-A7B3D370A999}.Release|Mixed Platforms.ActiveCfg = Release|Any CPU
		{8C2A2CC7-D0E0-4DBB-99A0-A7B3D370A999}.Release|Mixed Platforms.Build.0 = Release|Any CPU
		{8C2A2CC7-D0E0-4DBB-99A0-A7B3D370A999}.Release|x86.ActiveCfg = Release|Any CPU
		{D4207CF7-1685-4708-B8D2-EC8F804E26C1}.Debug|Any CPU.ActiveCfg = Debug|Any CPU
		{D4207CF7-1685-4708-B8D2-EC8F804E26C1}.Debug|Any CPU.Build.0 = Debug|Any CPU
		{D4207CF7-1685-4708-B8D2-EC8F804E26C1}.Debug|Mixed Platforms.ActiveCfg = Debug|Any CPU
		{D4207CF7-1685-4708-B8D2-EC8F804E26C1}.Debug|Mixed Platforms.Build.0 = Debug|Any CPU
		{D4207CF7-1685-4708-B8D2-EC8F804E26C1}.Debug|x86.ActiveCfg = Debug|Any CPU
		{D4207CF7-1685-4708-B8D2-EC8F804E26C1}.Release|Any CPU.ActiveCfg = Release|Any CPU
		{D4207CF7-1685-4708-B8D2-EC8F804E26C1}.Release|Any CPU.Build.0 = Release|Any CPU
		{D4207CF7-1685-4708-B8D2-EC8F804E26C1}.Release|Mixed Platforms.ActiveCfg = Release|Any CPU
		{D4207CF7-1685-4708-B8D2-EC8F804E26C1}.Release|Mixed Platforms.Build.0 = Release|Any CPU
		{D4207CF7-1685-4708-B8D2-EC8F804E26C1}.Release|x86.ActiveCfg = Release|Any CPU
		{343CFDA3-DC75-4331-BC4C-3AA1A06DB495}.Debug|Any CPU.ActiveCfg = Debug|x86
		{343CFDA3-DC75-4331-BC4C-3AA1A06DB495}.Debug|Mixed Platforms.ActiveCfg = Debug|x86
		{343CFDA3-DC75-4331-BC4C-3AA1A06DB495}.Debug|Mixed Platforms.Build.0 = Debug|x86
		{343CFDA3-DC75-4331-BC4C-3AA1A06DB495}.Debug|x86.ActiveCfg = Debug|x86
		{343CFDA3-DC75-4331-BC4C-3AA1A06DB495}.Debug|x86.Build.0 = Debug|x86
		{343CFDA3-DC75-4331-BC4C-3AA1A06DB495}.Release|Any CPU.ActiveCfg = Release|x86
		{343CFDA3-DC75-4331-BC4C-3AA1A06DB495}.Release|Mixed Platforms.ActiveCfg = Release|x86
		{343CFDA3-DC75-4331-BC4C-3AA1A06DB495}.Release|Mixed Platforms.Build.0 = Release|x86
		{343CFDA3-DC75-4331-BC4C-3AA1A06DB495}.Release|x86.ActiveCfg = Release|x86
		{343CFDA3-DC75-4331-BC4C-3AA1A06DB495}.Release|x86.Build.0 = Release|x86
		{3F550EA9-7230-41BF-836E-D37F694BCB0B}.Debug|Any CPU.ActiveCfg = Debug|Any CPU
		{3F550EA9-7230-41BF-836E-D37F694BCB0B}.Debug|Any CPU.Build.0 = Debug|Any CPU
		{3F550EA9-7230-41BF-836E-D37F694BCB0B}.Debug|Mixed Platforms.ActiveCfg = Debug|Any CPU
		{3F550EA9-7230-41BF-836E-D37F694BCB0B}.Debug|Mixed Platforms.Build.0 = Debug|Any CPU
		{3F550EA9-7230-41BF-836E-D37F694BCB0B}.Debug|x86.ActiveCfg = Debug|Any CPU
		{3F550EA9-7230-41BF-836E-D37F694BCB0B}.Release|Any CPU.ActiveCfg = Release|Any CPU
		{3F550EA9-7230-41BF-836E-D37F694BCB0B}.Release|Any CPU.Build.0 = Release|Any CPU
		{3F550EA9-7230-41BF-836E-D37F694BCB0B}.Release|Mixed Platforms.ActiveCfg = Release|Any CPU
		{3F550EA9-7230-41BF-836E-D37F694BCB0B}.Release|Mixed Platforms.Build.0 = Release|Any CPU
		{3F550EA9-7230-41BF-836E-D37F694BCB0B}.Release|x86.ActiveCfg = Release|Any CPU
		{C47CFE7B-7E54-487E-A5C0-EBAFB4A9FB89}.Debug|Any CPU.ActiveCfg = Debug|x86
		{C47CFE7B-7E54-487E-A5C0-EBAFB4A9FB89}.Debug|Mixed Platforms.ActiveCfg = Debug|x86
		{C47CFE7B-7E54-487E-A5C0-EBAFB4A9FB89}.Debug|Mixed Platforms.Build.0 = Debug|x86
		{C47CFE7B-7E54-487E-A5C0-EBAFB4A9FB89}.Debug|x86.ActiveCfg = Debug|x86
		{C47CFE7B-7E54-487E-A5C0-EBAFB4A9FB89}.Debug|x86.Build.0 = Debug|x86
		{C47CFE7B-7E54-487E-A5C0-EBAFB4A9FB89}.Release|Any CPU.ActiveCfg = Release|x86
		{C47CFE7B-7E54-487E-A5C0-EBAFB4A9FB89}.Release|Mixed Platforms.ActiveCfg = Release|x86
		{C47CFE7B-7E54-487E-A5C0-EBAFB4A9FB89}.Release|Mixed Platforms.Build.0 = Release|x86
		{C47CFE7B-7E54-487E-A5C0-EBAFB4A9FB89}.Release|x86.ActiveCfg = Release|x86
		{C47CFE7B-7E54-487E-A5C0-EBAFB4A9FB89}.Release|x86.Build.0 = Release|x86
	EndGlobalSection
	GlobalSection(SolutionProperties) = preSolution
		HideSolutionNode = FALSE
	EndGlobalSection
EndGlobal
