
Microsoft Visual Studio Solution File, Format Version 12.00
# Visual Studio 2012
Project("{FAE04EC0-301F-11D3-BF4B-00C04F79EFBC}") = "Bornander.UI.TabCarousel.Test", "Bornander.UI.TabCarousel.Test\Bornander.UI.TabCarousel.Test.csproj", "{42B7FB8A-F490-40BA-9E8E-EB2BAAB6A77D}"
EndProject
Project("{FAE04EC0-301F-11D3-BF4B-00C04F79EFBC}") = "Bornander.UI.TabCarousel", "Bornander.UI.TabCarousel\Bornander.UI.TabCarousel.csproj", "{126CE79B-F551-4EE2-8F92-CA4B145E1AF7}"
EndProject
Project("{FAE04EC0-301F-11D3-BF4B-00C04F79EFBC}") = "Bornander.Wpf.Meshes", "Bornander.Wpf.Meshes\Bornander.Wpf.Meshes.csproj", "{8C728DB1-9F0C-4CDF-B062-83CF42FF0242}"
EndProject
Global
	GlobalSection(SolutionConfigurationPlatforms) = preSolution
		Debug|Any CPU = Debug|Any CPU
		Release|Any CPU = Release|Any CPU
	EndGlobalSection
	GlobalSection(ProjectConfigurationPlatforms) = postSolution
		{42B7FB8A-F490-40BA-9E8E-EB2BAAB6A77D}.Debug|Any CPU.ActiveCfg = Debug|Any CPU
		{42B7FB8A-F490-40BA-9E8E-EB2BAAB6A77D}.Debug|Any CPU.Build.0 = Debug|Any CPU
		{42B7FB8A-F490-40BA-9E8E-EB2BAAB6A77D}.Release|Any CPU.ActiveCfg = Release|Any CPU
		{42B7FB8A-F490-40BA-9E8E-EB2BAAB6A77D}.Release|Any CPU.Build.0 = Release|Any CPU
		{126CE79B-F551-4EE2-8F92-CA4B145E1AF7}.Debug|Any CPU.ActiveCfg = Debug|Any CPU
		{126CE79B-F551-4EE2-8F92-CA4B145E1AF7}.Debug|Any CPU.Build.0 = Debug|Any CPU
		{126CE79B-F551-4EE2-8F92-CA4B145E1AF7}.Release|Any CPU.ActiveCfg = Release|Any CPU
		{126CE79B-F551-4EE2-8F92-CA4B145E1AF7}.Release|Any CPU.Build.0 = Release|Any CPU
		{8C728DB1-9F0C-4CDF-B062-83CF42FF0242}.Debug|Any CPU.ActiveCfg = Debug|Any CPU
		{8C728DB1-9F0C-4CDF-B062-83CF42FF0242}.Debug|Any CPU.Build.0 = Debug|Any CPU
		{8C728DB1-9F0C-4CDF-B062-83CF42FF0242}.Release|Any CPU.ActiveCfg = Release|Any CPU
		{8C728DB1-9F0C-4CDF-B062-83CF42FF0242}.Release|Any CPU.Build.0 = Release|Any CPU
	EndGlobalSection
	GlobalSection(SolutionProperties) = preSolution
		HideSolutionNode = FALSE
	EndGlobalSection
EndGlobal
